// !$*UTF8*$!
{
	archiveVersion = 1;
	classes = {
	};
	objectVersion = 50;
	objects = {

/* Begin PBXBuildFile section */
		42CB55CD21985C7900A8BFF3 /* AppDelegate.swift in Sources */ = {isa = PBXBuildFile; fileRef = 42CB55CC21985C7900A8BFF3 /* AppDelegate.swift */; };
		42CB55CF21985C7900A8BFF3 /* ViewController.swift in Sources */ = {isa = PBXBuildFile; fileRef = 42CB55CE21985C7900A8BFF3 /* ViewController.swift */; };
		42CB55D221985C7900A8BFF3 /* Main.storyboard in Resources */ = {isa = PBXBuildFile; fileRef = 42CB55D021985C7900A8BFF3 /* Main.storyboard */; };
		42CB55D421985C7B00A8BFF3 /* Assets.xcassets in Resources */ = {isa = PBXBuildFile; fileRef = 42CB55D321985C7B00A8BFF3 /* Assets.xcassets */; };
		42CB55D721985C7B00A8BFF3 /* LaunchScreen.storyboard in Resources */ = {isa = PBXBuildFile; fileRef = 42CB55D521985C7B00A8BFF3 /* LaunchScreen.storyboard */; };
		42CB55E221985C7B00A8BFF3 /* Hashtrack_iosTests.swift in Sources */ = {isa = PBXBuildFile; fileRef = 42CB55E121985C7B00A8BFF3 /* Hashtrack_iosTests.swift */; };
		42CB55ED21985C7B00A8BFF3 /* Hashtrack_iosUITests.swift in Sources */ = {isa = PBXBuildFile; fileRef = 42CB55EC21985C7B00A8BFF3 /* Hashtrack_iosUITests.swift */; };
/* End PBXBuildFile section */

/* Begin PBXContainerItemProxy section */
		42CB55DE21985C7B00A8BFF3 /* PBXContainerItemProxy */ = {
			isa = PBXContainerItemProxy;
			containerPortal = 42CB55C121985C7900A8BFF3 /* Project object */;
			proxyType = 1;
			remoteGlobalIDString = 42CB55C821985C7900A8BFF3;
			remoteInfo = "Hashtrack-ios";
		};
		42CB55E921985C7B00A8BFF3 /* PBXContainerItemProxy */ = {
			isa = PBXContainerItemProxy;
			containerPortal = 42CB55C121985C7900A8BFF3 /* Project object */;
			proxyType = 1;
			remoteGlobalIDString = 42CB55C821985C7900A8BFF3;
			remoteInfo = "Hashtrack-ios";
		};
/* End PBXContainerItemProxy section */

/* Begin PBXFileReference section */
		42CB55C921985C7900A8BFF3 /* Hashtrack-ios.app */ = {isa = PBXFileReference; explicitFileType = wrapper.application; includeInIndex = 0; path = "Hashtrack-ios.app"; sourceTree = BUILT_PRODUCTS_DIR; };
		42CB55CC21985C7900A8BFF3 /* AppDelegate.swift */ = {isa = PBXFileReference; lastKnownFileType = sourcecode.swift; path = AppDelegate.swift; sourceTree = "<group>"; };
		42CB55CE21985C7900A8BFF3 /* ViewController.swift */ = {isa = PBXFileReference; lastKnownFileType = sourcecode.swift; path = ViewController.swift; sourceTree = "<group>"; };
		42CB55D121985C7900A8BFF3 /* Base */ = {isa = PBXFileReference; lastKnownFileType = file.storyboard; name = Base; path = Base.lproj/Main.storyboard; sourceTree = "<group>"; };
		42CB55D321985C7B00A8BFF3 /* Assets.xcassets */ = {isa = PBXFileReference; lastKnownFileType = folder.assetcatalog; path = Assets.xcassets; sourceTree = "<group>"; };
		42CB55D621985C7B00A8BFF3 /* Base */ = {isa = PBXFileReference; lastKnownFileType = file.storyboard; name = Base; path = Base.lproj/LaunchScreen.storyboard; sourceTree = "<group>"; };
		42CB55D821985C7B00A8BFF3 /* Info.plist */ = {isa = PBXFileReference; lastKnownFileType = text.plist.xml; path = Info.plist; sourceTree = "<group>"; };
		42CB55DD21985C7B00A8BFF3 /* Hashtrack-iosTests.xctest */ = {isa = PBXFileReference; explicitFileType = wrapper.cfbundle; includeInIndex = 0; path = "Hashtrack-iosTests.xctest"; sourceTree = BUILT_PRODUCTS_DIR; };
		42CB55E121985C7B00A8BFF3 /* Hashtrack_iosTests.swift */ = {isa = PBXFileReference; lastKnownFileType = sourcecode.swift; path = Hashtrack_iosTests.swift; sourceTree = "<group>"; };
		42CB55E321985C7B00A8BFF3 /* Info.plist */ = {isa = PBXFileReference; lastKnownFileType = text.plist.xml; path = Info.plist; sourceTree = "<group>"; };
		42CB55E821985C7B00A8BFF3 /* Hashtrack-iosUITests.xctest */ = {isa = PBXFileReference; explicitFileType = wrapper.cfbundle; includeInIndex = 0; path = "Hashtrack-iosUITests.xctest"; sourceTree = BUILT_PRODUCTS_DIR; };
		42CB55EC21985C7B00A8BFF3 /* Hashtrack_iosUITests.swift */ = {isa = PBXFileReference; lastKnownFileType = sourcecode.swift; path = Hashtrack_iosUITests.swift; sourceTree = "<group>"; };
		42CB55EE21985C7B00A8BFF3 /* Info.plist */ = {isa = PBXFileReference; lastKnownFileType = text.plist.xml; path = Info.plist; sourceTree = "<group>"; };
/* End PBXFileReference section */

/* Begin PBXFrameworksBuildPhase section */
		42CB55C621985C7900A8BFF3 /* Frameworks */ = {
			isa = PBXFrameworksBuildPhase;
			buildActionMask = 2147483647;
			files = (
			);
			runOnlyForDeploymentPostprocessing = 0;
		};
		42CB55DA21985C7B00A8BFF3 /* Frameworks */ = {
			isa = PBXFrameworksBuildPhase;
			buildActionMask = 2147483647;
			files = (
			);
			runOnlyForDeploymentPostprocessing = 0;
		};
		42CB55E521985C7B00A8BFF3 /* Frameworks */ = {
			isa = PBXFrameworksBuildPhase;
			buildActionMask = 2147483647;
			files = (
			);
			runOnlyForDeploymentPostprocessing = 0;
		};
/* End PBXFrameworksBuildPhase section */

/* Begin PBXGroup section */
		42CB55C021985C7900A8BFF3 = {
			isa = PBXGroup;
			children = (
				42CB55CB21985C7900A8BFF3 /* Hashtrack-ios */,
				42CB55E021985C7B00A8BFF3 /* Hashtrack-iosTests */,
				42CB55EB21985C7B00A8BFF3 /* Hashtrack-iosUITests */,
				42CB55CA21985C7900A8BFF3 /* Products */,
			);
			sourceTree = "<group>";
		};
		42CB55CA21985C7900A8BFF3 /* Products */ = {
			isa = PBXGroup;
			children = (
				42CB55C921985C7900A8BFF3 /* Hashtrack-ios.app */,
				42CB55DD21985C7B00A8BFF3 /* Hashtrack-iosTests.xctest */,
				42CB55E821985C7B00A8BFF3 /* Hashtrack-iosUITests.xctest */,
			);
			name = Products;
			sourceTree = "<group>";
		};
		42CB55CB21985C7900A8BFF3 /* Hashtrack-ios */ = {
			isa = PBXGroup;
			children = (
				42CB55CC21985C7900A8BFF3 /* AppDelegate.swift */,
				42CB55CE21985C7900A8BFF3 /* ViewController.swift */,
				42CB55D021985C7900A8BFF3 /* Main.storyboard */,
				42CB55D321985C7B00A8BFF3 /* Assets.xcassets */,
				42CB55D521985C7B00A8BFF3 /* LaunchScreen.storyboard */,
				42CB55D821985C7B00A8BFF3 /* Info.plist */,
			);
			path = "Hashtrack-ios";
			sourceTree = "<group>";
		};
		42CB55E021985C7B00A8BFF3 /* Hashtrack-iosTests */ = {
			isa = PBXGroup;
			children = (
				42CB55E121985C7B00A8BFF3 /* Hashtrack_iosTests.swift */,
				42CB55E321985C7B00A8BFF3 /* Info.plist */,
			);
			path = "Hashtrack-iosTests";
			sourceTree = "<group>";
		};
		42CB55EB21985C7B00A8BFF3 /* Hashtrack-iosUITests */ = {
			isa = PBXGroup;
			children = (
				42CB55EC21985C7B00A8BFF3 /* Hashtrack_iosUITests.swift */,
				42CB55EE21985C7B00A8BFF3 /* Info.plist */,
			);
			path = "Hashtrack-iosUITests";
			sourceTree = "<group>";
		};
/* End PBXGroup section */

/* Begin PBXNativeTarget section */
		42CB55C821985C7900A8BFF3 /* Hashtrack-ios */ = {
			isa = PBXNativeTarget;
			buildConfigurationList = 42CB55F121985C7B00A8BFF3 /* Build configuration list for PBXNativeTarget "Hashtrack-ios" */;
			buildPhases = (
				42CB55C521985C7900A8BFF3 /* Sources */,
				42CB55C621985C7900A8BFF3 /* Frameworks */,
				42CB55C721985C7900A8BFF3 /* Resources */,
			);
			buildRules = (
			);
			dependencies = (
			);
			name = "Hashtrack-ios";
			productName = "Hashtrack-ios";
			productReference = 42CB55C921985C7900A8BFF3 /* Hashtrack-ios.app */;
			productType = "com.apple.product-type.application";
		};
		42CB55DC21985C7B00A8BFF3 /* Hashtrack-iosTests */ = {
			isa = PBXNativeTarget;
			buildConfigurationList = 42CB55F421985C7B00A8BFF3 /* Build configuration list for PBXNativeTarget "Hashtrack-iosTests" */;
			buildPhases = (
				42CB55D921985C7B00A8BFF3 /* Sources */,
				42CB55DA21985C7B00A8BFF3 /* Frameworks */,
				42CB55DB21985C7B00A8BFF3 /* Resources */,
			);
			buildRules = (
			);
			dependencies = (
				42CB55DF21985C7B00A8BFF3 /* PBXTargetDependency */,
			);
			name = "Hashtrack-iosTests";
			productName = "Hashtrack-iosTests";
			productReference = 42CB55DD21985C7B00A8BFF3 /* Hashtrack-iosTests.xctest */;
			productType = "com.apple.product-type.bundle.unit-test";
		};
		42CB55E721985C7B00A8BFF3 /* Hashtrack-iosUITests */ = {
			isa = PBXNativeTarget;
			buildConfigurationList = 42CB55F721985C7B00A8BFF3 /* Build configuration list for PBXNativeTarget "Hashtrack-iosUITests" */;
			buildPhases = (
				42CB55E421985C7B00A8BFF3 /* Sources */,
				42CB55E521985C7B00A8BFF3 /* Frameworks */,
				42CB55E621985C7B00A8BFF3 /* Resources */,
			);
			buildRules = (
			);
			dependencies = (
				42CB55EA21985C7B00A8BFF3 /* PBXTargetDependency */,
			);
			name = "Hashtrack-iosUITests";
			productName = "Hashtrack-iosUITests";
			productReference = 42CB55E821985C7B00A8BFF3 /* Hashtrack-iosUITests.xctest */;
			productType = "com.apple.product-type.bundle.ui-testing";
		};
/* End PBXNativeTarget section */

/* Begin PBXProject section */
		42CB55C121985C7900A8BFF3 /* Project object */ = {
			isa = PBXProject;
			attributes = {
				LastSwiftUpdateCheck = 1010;
				LastUpgradeCheck = 1010;
				ORGANIZATIONNAME = hitherejoe;
				TargetAttributes = {
					42CB55C821985C7900A8BFF3 = {
						CreatedOnToolsVersion = 10.1;
					};
					42CB55DC21985C7B00A8BFF3 = {
						CreatedOnToolsVersion = 10.1;
						TestTargetID = 42CB55C821985C7900A8BFF3;
					};
					42CB55E721985C7B00A8BFF3 = {
						CreatedOnToolsVersion = 10.1;
						TestTargetID = 42CB55C821985C7900A8BFF3;
					};
				};
			};
			buildConfigurationList = 42CB55C421985C7900A8BFF3 /* Build configuration list for PBXProject "Hashtrack-ios" */;
			compatibilityVersion = "Xcode 9.3";
			developmentRegion = en;
			hasScannedForEncodings = 0;
			knownRegions = (
				en,
				Base,
			);
			mainGroup = 42CB55C021985C7900A8BFF3;
			productRefGroup = 42CB55CA21985C7900A8BFF3 /* Products */;
			projectDirPath = "";
			projectRoot = "";
			targets = (
				42CB55C821985C7900A8BFF3 /* Hashtrack-ios */,
				42CB55DC21985C7B00A8BFF3 /* Hashtrack-iosTests */,
				42CB55E721985C7B00A8BFF3 /* Hashtrack-iosUITests */,
			);
		};
/* End PBXProject section */

/* Begin PBXResourcesBuildPhase section */
		42CB55C721985C7900A8BFF3 /* Resources */ = {
			isa = PBXResourcesBuildPhase;
			buildActionMask = 2147483647;
			files = (
				42CB55D721985C7B00A8BFF3 /* LaunchScreen.storyboard in Resources */,
				42CB55D421985C7B00A8BFF3 /* Assets.xcassets in Resources */,
				42CB55D221985C7900A8BFF3 /* Main.storyboard in Resources */,
			);
			runOnlyForDeploymentPostprocessing = 0;
		};
		42CB55DB21985C7B00A8BFF3 /* Resources */ = {
			isa = PBXResourcesBuildPhase;
			buildActionMask = 2147483647;
			files = (
			);
			runOnlyForDeploymentPostprocessing = 0;
		};
		42CB55E621985C7B00A8BFF3 /* Resources */ = {
			isa = PBXResourcesBuildPhase;
			buildActionMask = 2147483647;
			files = (
			);
			runOnlyForDeploymentPostprocessing = 0;
		};
/* End PBXResourcesBuildPhase section */

/* Begin PBXSourcesBuildPhase section */
		42CB55C521985C7900A8BFF3 /* Sources */ = {
			isa = PBXSourcesBuildPhase;
			buildActionMask = 2147483647;
			files = (
				42CB55CF21985C7900A8BFF3 /* ViewController.swift in Sources */,
				42CB55CD21985C7900A8BFF3 /* AppDelegate.swift in Sources */,
			);
			runOnlyForDeploymentPostprocessing = 0;
		};
		42CB55D921985C7B00A8BFF3 /* Sources */ = {
			isa = PBXSourcesBuildPhase;
			buildActionMask = 2147483647;
			files = (
				42CB55E221985C7B00A8BFF3 /* Hashtrack_iosTests.swift in Sources */,
			);
			runOnlyForDeploymentPostprocessing = 0;
		};
		42CB55E421985C7B00A8BFF3 /* Sources */ = {
			isa = PBXSourcesBuildPhase;
			buildActionMask = 2147483647;
			files = (
				42CB55ED21985C7B00A8BFF3 /* Hashtrack_iosUITests.swift in Sources */,
			);
			runOnlyForDeploymentPostprocessing = 0;
		};
/* End PBXSourcesBuildPhase section */

/* Begin PBXTargetDependency section */
		42CB55DF21985C7B00A8BFF3 /* PBXTargetDependency */ = {
			isa = PBXTargetDependency;
			target = 42CB55C821985C7900A8BFF3 /* Hashtrack-ios */;
			targetProxy = 42CB55DE21985C7B00A8BFF3 /* PBXContainerItemProxy */;
		};
		42CB55EA21985C7B00A8BFF3 /* PBXTargetDependency */ = {
			isa = PBXTargetDependency;
			target = 42CB55C821985C7900A8BFF3 /* Hashtrack-ios */;
			targetProxy = 42CB55E921985C7B00A8BFF3 /* PBXContainerItemProxy */;
		};
/* End PBXTargetDependency section */

/* Begin PBXVariantGroup section */
		42CB55D021985C7900A8BFF3 /* Main.storyboard */ = {
			isa = PBXVariantGroup;
			children = (
				42CB55D121985C7900A8BFF3 /* Base */,
			);
			name = Main.storyboard;
			sourceTree = "<group>";
		};
		42CB55D521985C7B00A8BFF3 /* LaunchScreen.storyboard */ = {
			isa = PBXVariantGroup;
			children = (
				42CB55D621985C7B00A8BFF3 /* Base */,
			);
			name = LaunchScreen.storyboard;
			sourceTree = "<group>";
		};
/* End PBXVariantGroup section */

/* Begin XCBuildConfiguration section */
		42CB55EF21985C7B00A8BFF3 /* Debug */ = {
			isa = XCBuildConfiguration;
			buildSettings = {
				ALWAYS_SEARCH_USER_PATHS = NO;
				CLANG_ANALYZER_NONNULL = YES;
				CLANG_ANALYZER_NUMBER_OBJECT_CONVERSION = YES_AGGRESSIVE;
				CLANG_CXX_LANGUAGE_STANDARD = "gnu++14";
				CLANG_CXX_LIBRARY = "libc++";
				CLANG_ENABLE_MODULES = YES;
				CLANG_ENABLE_OBJC_ARC = YES;
				CLANG_ENABLE_OBJC_WEAK = YES;
				CLANG_WARN_BLOCK_CAPTURE_AUTORELEASING = YES;
				CLANG_WARN_BOOL_CONVERSION = YES;
				CLANG_WARN_COMMA = YES;
				CLANG_WARN_CONSTANT_CONVERSION = YES;
				CLANG_WARN_DEPRECATED_OBJC_IMPLEMENTATIONS = YES;
				CLANG_WARN_DIRECT_OBJC_ISA_USAGE = YES_ERROR;
				CLANG_WARN_DOCUMENTATION_COMMENTS = YES;
				CLANG_WARN_EMPTY_BODY = YES;
				CLANG_WARN_ENUM_CONVERSION = YES;
				CLANG_WARN_INFINITE_RECURSION = YES;
				CLANG_WARN_INT_CONVERSION = YES;
				CLANG_WARN_NON_LITERAL_NULL_CONVERSION = YES;
				CLANG_WARN_OBJC_IMPLICIT_RETAIN_SELF = YES;
				CLANG_WARN_OBJC_LITERAL_CONVERSION = YES;
				CLANG_WARN_OBJC_ROOT_CLASS = YES_ERROR;
				CLANG_WARN_RANGE_LOOP_ANALYSIS = YES;
				CLANG_WARN_STRICT_PROTOTYPES = YES;
				CLANG_WARN_SUSPICIOUS_MOVE = YES;
				CLANG_WARN_UNGUARDED_AVAILABILITY = YES_AGGRESSIVE;
				CLANG_WARN_UNREACHABLE_CODE = YES;
				CLANG_WARN__DUPLICATE_METHOD_MATCH = YES;
				CODE_SIGN_IDENTITY = "iPhone Developer";
				COPY_PHASE_STRIP = NO;
				DEBUG_INFORMATION_FORMAT = dwarf;
				ENABLE_STRICT_OBJC_MSGSEND = YES;
				ENABLE_TESTABILITY = YES;
				GCC_C_LANGUAGE_STANDARD = gnu11;
				GCC_DYNAMIC_NO_PIC = NO;
				GCC_NO_COMMON_BLOCKS = YES;
				GCC_OPTIMIZATION_LEVEL = 0;
				GCC_PREPROCESSOR_DEFINITIONS = (
					"DEBUG=1",
					"$(inherited)",
				);
				GCC_WARN_64_TO_32_BIT_CONVERSION = YES;
				GCC_WARN_ABOUT_RETURN_TYPE = YES_ERROR;
				GCC_WARN_UNDECLARED_SELECTOR = YES;
				GCC_WARN_UNINITIALIZED_AUTOS = YES_AGGRESSIVE;
				GCC_WARN_UNUSED_FUNCTION = YES;
				GCC_WARN_UNUSED_VARIABLE = YES;
				IPHONEOS_DEPLOYMENT_TARGET = 12.1;
				MTL_ENABLE_DEBUG_INFO = INCLUDE_SOURCE;
				MTL_FAST_MATH = YES;
				ONLY_ACTIVE_ARCH = YES;
				SDKROOT = iphoneos;
				SWIFT_ACTIVE_COMPILATION_CONDITIONS = DEBUG;
				SWIFT_OPTIMIZATION_LEVEL = "-Onone";
			};
			name = Debug;
		};
		42CB55F021985C7B00A8BFF3 /* Release */ = {
			isa = XCBuildConfiguration;
			buildSettings = {
				ALWAYS_SEARCH_USER_PATHS = NO;
				CLANG_ANALYZER_NONNULL = YES;
				CLANG_ANALYZER_NUMBER_OBJECT_CONVERSION = YES_AGGRESSIVE;
				CLANG_CXX_LANGUAGE_STANDARD = "gnu++14";
				CLANG_CXX_LIBRARY = "libc++";
				CLANG_ENABLE_MODULES = YES;
				CLANG_ENABLE_OBJC_ARC = YES;
				CLANG_ENABLE_OBJC_WEAK = YES;
				CLANG_WARN_BLOCK_CAPTURE_AUTORELEASING = YES;
				CLANG_WARN_BOOL_CONVERSION = YES;
				CLANG_WARN_COMMA = YES;
				CLANG_WARN_CONSTANT_CONVERSION = YES;
				CLANG_WARN_DEPRECATED_OBJC_IMPLEMENTATIONS = YES;
				CLANG_WARN_DIRECT_OBJC_ISA_USAGE = YES_ERROR;
				CLANG_WARN_DOCUMENTATION_COMMENTS = YES;
				CLANG_WARN_EMPTY_BODY = YES;
				CLANG_WARN_ENUM_CONVERSION = YES;
				CLANG_WARN_INFINITE_RECURSION = YES;
				CLANG_WARN_INT_CONVERSION = YES;
				CLANG_WARN_NON_LITERAL_NULL_CONVERSION = YES;
				CLANG_WARN_OBJC_IMPLICIT_RETAIN_SELF = YES;
				CLANG_WARN_OBJC_LITERAL_CONVERSION = YES;
				CLANG_WARN_OBJC_ROOT_CLASS = YES_ERROR;
				CLANG_WARN_RANGE_LOOP_ANALYSIS = YES;
				CLANG_WARN_STRICT_PROTOTYPES = YES;
				CLANG_WARN_SUSPICIOUS_MOVE = YES;
				CLANG_WARN_UNGUARDED_AVAILABILITY = YES_AGGRESSIVE;
				CLANG_WARN_UNREACHABLE_CODE = YES;
				CLANG_WARN__DUPLICATE_METHOD_MATCH = YES;
				CODE_SIGN_IDENTITY = "iPhone Developer";
				COPY_PHASE_STRIP = NO;
				DEBUG_INFORMATION_FORMAT = "dwarf-with-dsym";
				ENABLE_NS_ASSERTIONS = NO;
				ENABLE_STRICT_OBJC_MSGSEND = YES;
				GCC_C_LANGUAGE_STANDARD = gnu11;
				GCC_NO_COMMON_BLOCKS = YES;
				GCC_WARN_64_TO_32_BIT_CONVERSION = YES;
				GCC_WARN_ABOUT_RETURN_TYPE = YES_ERROR;
				GCC_WARN_UNDECLARED_SELECTOR = YES;
				GCC_WARN_UNINITIALIZED_AUTOS = YES_AGGRESSIVE;
				GCC_WARN_UNUSED_FUNCTION = YES;
				GCC_WARN_UNUSED_VARIABLE = YES;
				IPHONEOS_DEPLOYMENT_TARGET = 12.1;
				MTL_ENABLE_DEBUG_INFO = NO;
				MTL_FAST_MATH = YES;
				SDKROOT = iphoneos;
				SWIFT_COMPILATION_MODE = wholemodule;
				SWIFT_OPTIMIZATION_LEVEL = "-O";
				VALIDATE_PRODUCT = YES;
			};
			name = Release;
		};
		42CB55F221985C7B00A8BFF3 /* Debug */ = {
			isa = XCBuildConfiguration;
			buildSettings = {
				ASSETCATALOG_COMPILER_APPICON_NAME = AppIcon;
				CODE_SIGN_STYLE = Automatic;
				DEVELOPMENT_TEAM = 8UY6XGA3FX;
				INFOPLIST_FILE = "Hashtrack-ios/Info.plist";
				LD_RUNPATH_SEARCH_PATHS = (
					"$(inherited)",
					"@executable_path/Frameworks",
				);
				PRODUCT_BUNDLE_IDENTIFIER = "co.joebirch.Hashtrack-ios";
				PRODUCT_NAME = "$(TARGET_NAME)";
				SWIFT_VERSION = 4.2;
				TARGETED_DEVICE_FAMILY = "1,2";
			};
			name = Debug;
		};
		42CB55F321985C7B00A8BFF3 /* Release */ = {
			isa = XCBuildConfiguration;
			buildSettings = {
				ASSETCATALOG_COMPILER_APPICON_NAME = AppIcon;
				CODE_SIGN_STYLE = Automatic;
				DEVELOPMENT_TEAM = 8UY6XGA3FX;
				INFOPLIST_FILE = "Hashtrack-ios/Info.plist";
				LD_RUNPATH_SEARCH_PATHS = (
					"$(inherited)",
					"@executable_path/Frameworks",
				);
				PRODUCT_BUNDLE_IDENTIFIER = "co.joebirch.Hashtrack-ios";
				PRODUCT_NAME = "$(TARGET_NAME)";
				SWIFT_VERSION = 4.2;
				TARGETED_DEVICE_FAMILY = "1,2";
			};
			name = Release;
		};
		42CB55F521985C7B00A8BFF3 /* Debug */ = {
			isa = XCBuildConfiguration;
			buildSettings = {
				ALWAYS_EMBED_SWIFT_STANDARD_LIBRARIES = YES;
				BUNDLE_LOADER = "$(TEST_HOST)";
				CODE_SIGN_STYLE = Automatic;
				DEVELOPMENT_TEAM = 8UY6XGA3FX;
				INFOPLIST_FILE = "Hashtrack-iosTests/Info.plist";
				LD_RUNPATH_SEARCH_PATHS = (
					"$(inherited)",
					"@executable_path/Frameworks",
					"@loader_path/Frameworks",
				);
				PRODUCT_BUNDLE_IDENTIFIER = "co.joebirch.Hashtrack-iosTests";
				PRODUCT_NAME = "$(TARGET_NAME)";
				SWIFT_VERSION = 4.2;
				TARGETED_DEVICE_FAMILY = "1,2";
				TEST_HOST = "$(BUILT_PRODUCTS_DIR)/Hashtrack-ios.app/Hashtrack-ios";
			};
			name = Debug;
		};
		42CB55F621985C7B00A8BFF3 /* Release */ = {
			isa = XCBuildConfiguration;
			buildSettings = {
				ALWAYS_EMBED_SWIFT_STANDARD_LIBRARIES = YES;
				BUNDLE_LOADER = "$(TEST_HOST)";
				CODE_SIGN_STYLE = Automatic;
				DEVELOPMENT_TEAM = 8UY6XGA3FX;
				INFOPLIST_FILE = "Hashtrack-iosTests/Info.plist";
				LD_RUNPATH_SEARCH_PATHS = (
					"$(inherited)",
					"@executable_path/Frameworks",
					"@loader_path/Frameworks",
				);
				PRODUCT_BUNDLE_IDENTIFIER = "co.joebirch.Hashtrack-iosTests";
				PRODUCT_NAME = "$(TARGET_NAME)";
				SWIFT_VERSION = 4.2;
				TARGETED_DEVICE_FAMILY = "1,2";
				TEST_HOST = "$(BUILT_PRODUCTS_DIR)/Hashtrack-ios.app/Hashtrack-ios";
			};
			name = Release;
		};
		42CB55F821985C7B00A8BFF3 /* Debug */ = {
			isa = XCBuildConfiguration;
			buildSettings = {
				ALWAYS_EMBED_SWIFT_STANDARD_LIBRARIES = YES;
				CODE_SIGN_STYLE = Automatic;
				DEVELOPMENT_TEAM = 8UY6XGA3FX;
				INFOPLIST_FILE = "Hashtrack-iosUITests/Info.plist";
				LD_RUNPATH_SEARCH_PATHS = (
					"$(inherited)",
					"@executable_path/Frameworks",
					"@loader_path/Frameworks",
				);
				PRODUCT_BUNDLE_IDENTIFIER = "co.joebirch.Hashtrack-iosUITests";
				PRODUCT_NAME = "$(TARGET_NAME)";
				SWIFT_VERSION = 4.2;
				TARGETED_DEVICE_FAMILY = "1,2";
				TEST_TARGET_NAME = "Hashtrack-ios";
			};
			name = Debug;
		};
		42CB55F921985C7B00A8BFF3 /* Release */ = {
			isa = XCBuildConfiguration;
			buildSettings = {
				ALWAYS_EMBED_SWIFT_STANDARD_LIBRARIES = YES;
				CODE_SIGN_STYLE = Automatic;
				DEVELOPMENT_TEAM = 8UY6XGA3FX;
				INFOPLIST_FILE = "Hashtrack-iosUITests/Info.plist";
				LD_RUNPATH_SEARCH_PATHS = (
					"$(inherited)",
					"@executable_path/Frameworks",
					"@loader_path/Frameworks",
				);
				PRODUCT_BUNDLE_IDENTIFIER = "co.joebirch.Hashtrack-iosUITests";
				PRODUCT_NAME = "$(TARGET_NAME)";
				SWIFT_VERSION = 4.2;
				TARGETED_DEVICE_FAMILY = "1,2";
				TEST_TARGET_NAME = "Hashtrack-ios";
			};
			name = Release;
		};
/* End XCBuildConfiguration section */

/* Begin XCConfigurationList section */
		42CB55C421985C7900A8BFF3 /* Build configuration list for PBXProject "Hashtrack-ios" */ = {
			isa = XCConfigurationList;
			buildConfigurations = (
				42CB55EF21985C7B00A8BFF3 /* Debug */,
				42CB55F021985C7B00A8BFF3 /* Release */,
			);
			defaultConfigurationIsVisible = 0;
			defaultConfigurationName = Release;
		};
		42CB55F121985C7B00A8BFF3 /* Build configuration list for PBXNativeTarget "Hashtrack-ios" */ = {
			isa = XCConfigurationList;
			buildConfigurations = (
				42CB55F221985C7B00A8BFF3 /* Debug */,
				42CB55F321985C7B00A8BFF3 /* Release */,
			);
			defaultConfigurationIsVisible = 0;
			defaultConfigurationName = Release;
		};
		42CB55F421985C7B00A8BFF3 /* Build configuration list for PBXNativeTarget "Hashtrack-iosTests" */ = {
			isa = XCConfigurationList;
			buildConfigurations = (
				42CB55F521985C7B00A8BFF3 /* Debug */,
				42CB55F621985C7B00A8BFF3 /* Release */,
			);
			defaultConfigurationIsVisible = 0;
			defaultConfigurationName = Release;
		};
		42CB55F721985C7B00A8BFF3 /* Build configuration list for PBXNativeTarget "Hashtrack-iosUITests" */ = {
			isa = XCConfigurationList;
			buildConfigurations = (
				42CB55F821985C7B00A8BFF3 /* Debug */,
				42CB55F921985C7B00A8BFF3 /* Release */,
			);
			defaultConfigurationIsVisible = 0;
			defaultConfigurationName = Release;
		};
/* End XCConfigurationList section */
	};
	rootObject = 42CB55C121985C7900A8BFF3 /* Project object */;
}
